
Microsoft Visual Studio Solution File, Format Version 12.00
# Visual Studio Version 17
VisualStudioVersion = 17.11.35222.181
MinimumVisualStudioVersion = 10.0.40219.1
Project("{FAE04EC0-301F-11D3-BF4B-00C04F79EFBC}") = "JWT_Token", "JWT_Token\JWT_Token.csproj", "{84F92888-0784-4EC5-B10D-EE4F05B3AC9E}"
EndProject
Global
	GlobalSection(SolutionConfigurationPlatforms) = preSolution
		Debug|Any CPU = Debug|Any CPU
		Release|Any CPU = Release|Any CPU
	EndGlobalSection
	GlobalSection(ProjectConfigurationPlatforms) = postSolution
		{84F92888-0784-4EC5-B10D-EE4F05B3AC9E}.Debug|Any CPU.ActiveCfg = Debug|Any CPU
		{84F92888-0784-4EC5-B10D-EE4F05B3AC9E}.Debug|Any CPU.Build.0 = Debug|Any CPU
		{84F92888-0784-4EC5-B10D-EE4F05B3AC9E}.Release|Any CPU.ActiveCfg = Release|Any CPU
		{84F92888-0784-4EC5-B10D-EE4F05B3AC9E}.Release|Any CPU.Build.0 = Release|Any CPU
	EndGlobalSection
	GlobalSection(SolutionProperties) = preSolution
		HideSolutionNode = FALSE
	EndGlobalSection
	GlobalSection(ExtensibilityGlobals) = postSolution
		SolutionGuid = {61C7CDBC-C4F2-48AE-AE64-4230AF3336DB}
	EndGlobalSection
EndGlobal
